
Microsoft Visual Studio Solution File, Format Version 12.00
Project("{2150E333-8FDC-42A3-9474-1A3956D46DE8}") = "SharedKernel", "SharedKernel", "{E66CE53C-4E54-4FD1-9F83-69831D9A3653}"
EndProject
Project("{2150E333-8FDC-42A3-9474-1A3956D46DE8}") = "Manager", "Manager", "{2790613F-F074-46AB-995E-6A863407C4C4}"
EndProject
Project("{2150E333-8FDC-42A3-9474-1A3956D46DE8}") = "Messenger", "Messenger", "{7457B528-71FF-4B1D-A379-5FDF0815AFE5}"
EndProject
Project("{FAE04EC0-301F-11D3-BF4B-00C04F79EFBC}") = "Orion.DataContracts", "SharedKernel\Orion.DataContracts\Orion.DataContracts.csproj", "{2D16ECB1-FE94-4C28-A70D-92FCC10A4006}"
EndProject
Project("{FAE04EC0-301F-11D3-BF4B-00C04F79EFBC}") = "Orion.OperationResult", "SharedKernel\Orion.OperationResult\Orion.OperationResult.csproj", "{F9402531-3CC1-4B09-A97F-CFEFD5BDFE3E}"
EndProject
Project("{FAE04EC0-301F-11D3-BF4B-00C04F79EFBC}") = "Orion.Core", "SharedKernel\Orion.Core\Orion.Core.csproj", "{24108579-89DC-4CAF-A688-3179C78DD28B}"
EndProject
Project("{FAE04EC0-301F-11D3-BF4B-00C04F79EFBC}") = "Orion.Repository", "SharedKernel\Orion.Repository\Orion.Repository.csproj", "{19CC5ACF-B1A3-48EE-A900-52848D885A01}"
EndProject
Project("{FAE04EC0-301F-11D3-BF4B-00C04F79EFBC}") = "Orion.DomainValidation", "SharedKernel\Orion.DomainValidation\Orion.DomainValidation.csproj", "{13A62458-70F1-4E77-86C9-5129D871F99D}"
EndProject
Project("{FAE04EC0-301F-11D3-BF4B-00C04F79EFBC}") = "Orion.Resilience", "SharedKernel\Orion.Resilience\Orion.Resilience.csproj", "{B2FE39C3-0179-486B-B947-BDA143C27493}"
EndProject
Project("{FAE04EC0-301F-11D3-BF4B-00C04F79EFBC}") = "Orion.AspNet", "SharedKernel\Orion.AspNet\Orion.AspNet.csproj", "{AB216A13-34E8-421D-AD95-959BBD979E88}"
EndProject
Project("{2150E333-8FDC-42A3-9474-1A3956D46DE8}") = "0 - SharedKernel", "0 - SharedKernel", "{DE413BF7-CC3C-4ED8-ABF4-E9F0361A624A}"
EndProject
Project("{2150E333-8FDC-42A3-9474-1A3956D46DE8}") = "1 - Service", "1 - Service", "{74C01939-02FD-43D4-AEE7-454E7E42EE58}"
EndProject
Project("{2150E333-8FDC-42A3-9474-1A3956D46DE8}") = "2 - Core", "2 - Core", "{80B0C14B-A94E-42D2-8A74-87E24D1F889B}"
EndProject
Project("{2150E333-8FDC-42A3-9474-1A3956D46DE8}") = "3 - Infra", "3 - Infra", "{0C4D0126-EA0B-43CC-99B2-91783E9D01F5}"
EndProject
Project("{FAE04EC0-301F-11D3-BF4B-00C04F79EFBC}") = "Orion.Manager.SharedKernel", "Manager\Orion.Manager.SharedKernel\Orion.Manager.SharedKernel.csproj", "{A580BEF4-13C7-441B-8638-DD62A95577E9}"
EndProject
Project("{FAE04EC0-301F-11D3-BF4B-00C04F79EFBC}") = "Orion.Manager.Core", "Manager\Orion.Manager.Core\Orion.Manager.Core.csproj", "{6A3773EB-5CD2-4E33-8254-8F57504AC947}"
EndProject
Project("{FAE04EC0-301F-11D3-BF4B-00C04F79EFBC}") = "Orion.Manager.Infra", "Manager\Orion.Manager.Infra\Orion.Manager.Infra.csproj", "{56B6A357-BE77-46C7-993B-9ED4F6984EC7}"
EndProject
Project("{FAE04EC0-301F-11D3-BF4B-00C04F79EFBC}") = "Orion.Manager.API", "Manager\Orion.Manager.API\Orion.Manager.API.csproj", "{A34DB5F9-E33B-4978-AAB4-C932F53B3530}"
EndProject
Project("{FAE04EC0-301F-11D3-BF4B-00C04F79EFBC}") = "Orion.Manager.Core.Tests", "Manager\Orion.Manager.Core.Tests\Orion.Manager.Core.Tests.csproj", "{150C1D13-A6FF-457B-8C09-E1C126F32A20}"
EndProject
Project("{2150E333-8FDC-42A3-9474-1A3956D46DE8}") = "0 - Services", "0 - Services", "{2A9E714C-963C-4D7D-B800-14F0186E8BDE}"
EndProject
Project("{2150E333-8FDC-42A3-9474-1A3956D46DE8}") = "1 - Providers", "1 - Providers", "{6E26F6E4-F24B-48A1-98E7-C9B06F2F0DA6}"
EndProject
Project("{FAE04EC0-301F-11D3-BF4B-00C04F79EFBC}") = "Orion.Messenger.Services", "Messenger\Orion.Messenger.Services\Orion.Messenger.Services.csproj", "{EFC6E623-F59D-42C9-A749-2D613135231F}"
EndProject
Project("{FAE04EC0-301F-11D3-BF4B-00C04F79EFBC}") = "Orion.Messenger.Providers", "Messenger\Orion.Messenger.Providers\Orion.Messenger.Providers.csproj", "{FC8CF4A4-F6D5-40A6-889A-C1951DD5AD53}"
EndProject
Global
	GlobalSection(SolutionConfigurationPlatforms) = preSolution
		Debug|Any CPU = Debug|Any CPU
		Release|Any CPU = Release|Any CPU
	EndGlobalSection
	GlobalSection(ProjectConfigurationPlatforms) = postSolution
		{2D16ECB1-FE94-4C28-A70D-92FCC10A4006}.Debug|Any CPU.ActiveCfg = Debug|Any CPU
		{2D16ECB1-FE94-4C28-A70D-92FCC10A4006}.Debug|Any CPU.Build.0 = Debug|Any CPU
		{2D16ECB1-FE94-4C28-A70D-92FCC10A4006}.Release|Any CPU.ActiveCfg = Release|Any CPU
		{2D16ECB1-FE94-4C28-A70D-92FCC10A4006}.Release|Any CPU.Build.0 = Release|Any CPU
		{F9402531-3CC1-4B09-A97F-CFEFD5BDFE3E}.Debug|Any CPU.ActiveCfg = Debug|Any CPU
		{F9402531-3CC1-4B09-A97F-CFEFD5BDFE3E}.Debug|Any CPU.Build.0 = Debug|Any CPU
		{F9402531-3CC1-4B09-A97F-CFEFD5BDFE3E}.Release|Any CPU.ActiveCfg = Release|Any CPU
		{F9402531-3CC1-4B09-A97F-CFEFD5BDFE3E}.Release|Any CPU.Build.0 = Release|Any CPU
		{24108579-89DC-4CAF-A688-3179C78DD28B}.Debug|Any CPU.ActiveCfg = Debug|Any CPU
		{24108579-89DC-4CAF-A688-3179C78DD28B}.Debug|Any CPU.Build.0 = Debug|Any CPU
		{24108579-89DC-4CAF-A688-3179C78DD28B}.Release|Any CPU.ActiveCfg = Release|Any CPU
		{24108579-89DC-4CAF-A688-3179C78DD28B}.Release|Any CPU.Build.0 = Release|Any CPU
		{19CC5ACF-B1A3-48EE-A900-52848D885A01}.Debug|Any CPU.ActiveCfg = Debug|Any CPU
		{19CC5ACF-B1A3-48EE-A900-52848D885A01}.Debug|Any CPU.Build.0 = Debug|Any CPU
		{19CC5ACF-B1A3-48EE-A900-52848D885A01}.Release|Any CPU.ActiveCfg = Release|Any CPU
		{19CC5ACF-B1A3-48EE-A900-52848D885A01}.Release|Any CPU.Build.0 = Release|Any CPU
		{13A62458-70F1-4E77-86C9-5129D871F99D}.Debug|Any CPU.ActiveCfg = Debug|Any CPU
		{13A62458-70F1-4E77-86C9-5129D871F99D}.Debug|Any CPU.Build.0 = Debug|Any CPU
		{13A62458-70F1-4E77-86C9-5129D871F99D}.Release|Any CPU.ActiveCfg = Release|Any CPU
		{13A62458-70F1-4E77-86C9-5129D871F99D}.Release|Any CPU.Build.0 = Release|Any CPU
		{B2FE39C3-0179-486B-B947-BDA143C27493}.Debug|Any CPU.ActiveCfg = Debug|Any CPU
		{B2FE39C3-0179-486B-B947-BDA143C27493}.Debug|Any CPU.Build.0 = Debug|Any CPU
		{B2FE39C3-0179-486B-B947-BDA143C27493}.Release|Any CPU.ActiveCfg = Release|Any CPU
		{B2FE39C3-0179-486B-B947-BDA143C27493}.Release|Any CPU.Build.0 = Release|Any CPU
		{AB216A13-34E8-421D-AD95-959BBD979E88}.Debug|Any CPU.ActiveCfg = Debug|Any CPU
		{AB216A13-34E8-421D-AD95-959BBD979E88}.Debug|Any CPU.Build.0 = Debug|Any CPU
		{AB216A13-34E8-421D-AD95-959BBD979E88}.Release|Any CPU.ActiveCfg = Release|Any CPU
		{AB216A13-34E8-421D-AD95-959BBD979E88}.Release|Any CPU.Build.0 = Release|Any CPU
		{A580BEF4-13C7-441B-8638-DD62A95577E9}.Debug|Any CPU.ActiveCfg = Debug|Any CPU
		{A580BEF4-13C7-441B-8638-DD62A95577E9}.Debug|Any CPU.Build.0 = Debug|Any CPU
		{A580BEF4-13C7-441B-8638-DD62A95577E9}.Release|Any CPU.ActiveCfg = Release|Any CPU
		{A580BEF4-13C7-441B-8638-DD62A95577E9}.Release|Any CPU.Build.0 = Release|Any CPU
		{6A3773EB-5CD2-4E33-8254-8F57504AC947}.Debug|Any CPU.ActiveCfg = Debug|Any CPU
		{6A3773EB-5CD2-4E33-8254-8F57504AC947}.Debug|Any CPU.Build.0 = Debug|Any CPU
		{6A3773EB-5CD2-4E33-8254-8F57504AC947}.Release|Any CPU.ActiveCfg = Release|Any CPU
		{6A3773EB-5CD2-4E33-8254-8F57504AC947}.Release|Any CPU.Build.0 = Release|Any CPU
		{56B6A357-BE77-46C7-993B-9ED4F6984EC7}.Debug|Any CPU.ActiveCfg = Debug|Any CPU
		{56B6A357-BE77-46C7-993B-9ED4F6984EC7}.Debug|Any CPU.Build.0 = Debug|Any CPU
		{56B6A357-BE77-46C7-993B-9ED4F6984EC7}.Release|Any CPU.ActiveCfg = Release|Any CPU
		{56B6A357-BE77-46C7-993B-9ED4F6984EC7}.Release|Any CPU.Build.0 = Release|Any CPU
		{A34DB5F9-E33B-4978-AAB4-C932F53B3530}.Debug|Any CPU.ActiveCfg = Debug|Any CPU
		{A34DB5F9-E33B-4978-AAB4-C932F53B3530}.Debug|Any CPU.Build.0 = Debug|Any CPU
		{A34DB5F9-E33B-4978-AAB4-C932F53B3530}.Release|Any CPU.ActiveCfg = Release|Any CPU
		{A34DB5F9-E33B-4978-AAB4-C932F53B3530}.Release|Any CPU.Build.0 = Release|Any CPU
		{150C1D13-A6FF-457B-8C09-E1C126F32A20}.Debug|Any CPU.ActiveCfg = Debug|Any CPU
		{150C1D13-A6FF-457B-8C09-E1C126F32A20}.Debug|Any CPU.Build.0 = Debug|Any CPU
		{150C1D13-A6FF-457B-8C09-E1C126F32A20}.Release|Any CPU.ActiveCfg = Release|Any CPU
		{150C1D13-A6FF-457B-8C09-E1C126F32A20}.Release|Any CPU.Build.0 = Release|Any CPU
		{EFC6E623-F59D-42C9-A749-2D613135231F}.Debug|Any CPU.ActiveCfg = Debug|Any CPU
		{EFC6E623-F59D-42C9-A749-2D613135231F}.Debug|Any CPU.Build.0 = Debug|Any CPU
		{EFC6E623-F59D-42C9-A749-2D613135231F}.Release|Any CPU.ActiveCfg = Release|Any CPU
		{EFC6E623-F59D-42C9-A749-2D613135231F}.Release|Any CPU.Build.0 = Release|Any CPU
		{FC8CF4A4-F6D5-40A6-889A-C1951DD5AD53}.Debug|Any CPU.ActiveCfg = Debug|Any CPU
		{FC8CF4A4-F6D5-40A6-889A-C1951DD5AD53}.Debug|Any CPU.Build.0 = Debug|Any CPU
		{FC8CF4A4-F6D5-40A6-889A-C1951DD5AD53}.Release|Any CPU.ActiveCfg = Release|Any CPU
		{FC8CF4A4-F6D5-40A6-889A-C1951DD5AD53}.Release|Any CPU.Build.0 = Release|Any CPU
	EndGlobalSection
	GlobalSection(NestedProjects) = preSolution
		{2D16ECB1-FE94-4C28-A70D-92FCC10A4006} = {E66CE53C-4E54-4FD1-9F83-69831D9A3653}
		{F9402531-3CC1-4B09-A97F-CFEFD5BDFE3E} = {E66CE53C-4E54-4FD1-9F83-69831D9A3653}
		{24108579-89DC-4CAF-A688-3179C78DD28B} = {E66CE53C-4E54-4FD1-9F83-69831D9A3653}
		{19CC5ACF-B1A3-48EE-A900-52848D885A01} = {E66CE53C-4E54-4FD1-9F83-69831D9A3653}
		{13A62458-70F1-4E77-86C9-5129D871F99D} = {E66CE53C-4E54-4FD1-9F83-69831D9A3653}
		{B2FE39C3-0179-486B-B947-BDA143C27493} = {E66CE53C-4E54-4FD1-9F83-69831D9A3653}
		{AB216A13-34E8-421D-AD95-959BBD979E88} = {E66CE53C-4E54-4FD1-9F83-69831D9A3653}
		{DE413BF7-CC3C-4ED8-ABF4-E9F0361A624A} = {2790613F-F074-46AB-995E-6A863407C4C4}
		{74C01939-02FD-43D4-AEE7-454E7E42EE58} = {2790613F-F074-46AB-995E-6A863407C4C4}
		{80B0C14B-A94E-42D2-8A74-87E24D1F889B} = {2790613F-F074-46AB-995E-6A863407C4C4}
		{0C4D0126-EA0B-43CC-99B2-91783E9D01F5} = {2790613F-F074-46AB-995E-6A863407C4C4}
		{A580BEF4-13C7-441B-8638-DD62A95577E9} = {DE413BF7-CC3C-4ED8-ABF4-E9F0361A624A}
		{6A3773EB-5CD2-4E33-8254-8F57504AC947} = {80B0C14B-A94E-42D2-8A74-87E24D1F889B}
		{56B6A357-BE77-46C7-993B-9ED4F6984EC7} = {0C4D0126-EA0B-43CC-99B2-91783E9D01F5}
		{A34DB5F9-E33B-4978-AAB4-C932F53B3530} = {74C01939-02FD-43D4-AEE7-454E7E42EE58}
		{150C1D13-A6FF-457B-8C09-E1C126F32A20} = {80B0C14B-A94E-42D2-8A74-87E24D1F889B}
		{2A9E714C-963C-4D7D-B800-14F0186E8BDE} = {7457B528-71FF-4B1D-A379-5FDF0815AFE5}
		{6E26F6E4-F24B-48A1-98E7-C9B06F2F0DA6} = {7457B528-71FF-4B1D-A379-5FDF0815AFE5}
		{EFC6E623-F59D-42C9-A749-2D613135231F} = {2A9E714C-963C-4D7D-B800-14F0186E8BDE}
		{FC8CF4A4-F6D5-40A6-889A-C1951DD5AD53} = {6E26F6E4-F24B-48A1-98E7-C9B06F2F0DA6}
	EndGlobalSection
EndGlobal
