
Microsoft Visual Studio Solution File, Format Version 12.00
Project("{2150E333-8FDC-42A3-9474-1A3956D46DE8}") = "SharedKernel", "SharedKernel", "{E66CE53C-4E54-4FD1-9F83-69831D9A3653}"
EndProject
Project("{2150E333-8FDC-42A3-9474-1A3956D46DE8}") = "Manager", "Manager", "{2790613F-F074-46AB-995E-6A863407C4C4}"
EndProject
Project("{2150E333-8FDC-42A3-9474-1A3956D46DE8}") = "Messenger", "Messenger", "{7457B528-71FF-4B1D-A379-5FDF0815AFE5}"
EndProject
Project("{FAE04EC0-301F-11D3-BF4B-00C04F79EFBC}") = "Orion.DataContracts", "SharedKernel\Orion.DataContracts\Orion.DataContracts.csproj", "{2D16ECB1-FE94-4C28-A70D-92FCC10A4006}"
EndProject
Project("{FAE04EC0-301F-11D3-BF4B-00C04F79EFBC}") = "Orion.OperationResult", "SharedKernel\Orion.OperationResult\Orion.OperationResult.csproj", "{F9402531-3CC1-4B09-A97F-CFEFD5BDFE3E}"
EndProject
Project("{FAE04EC0-301F-11D3-BF4B-00C04F79EFBC}") = "Orion.Core", "SharedKernel\Orion.Core\Orion.Core.csproj", "{24108579-89DC-4CAF-A688-3179C78DD28B}"
EndProject
Project("{FAE04EC0-301F-11D3-BF4B-00C04F79EFBC}") = "Orion.Repository", "SharedKernel\Orion.Repository\Orion.Repository.csproj", "{19CC5ACF-B1A3-48EE-A900-52848D885A01}"
EndProject
Project("{FAE04EC0-301F-11D3-BF4B-00C04F79EFBC}") = "Orion.DomainValidation", "SharedKernel\Orion.DomainValidation\Orion.DomainValidation.csproj", "{13A62458-70F1-4E77-86C9-5129D871F99D}"
EndProject
Project("{FAE04EC0-301F-11D3-BF4B-00C04F79EFBC}") = "Orion.Resilience", "SharedKernel\Orion.Resilience\Orion.Resilience.csproj", "{B2FE39C3-0179-486B-B947-BDA143C27493}"
EndProject
Global
	GlobalSection(SolutionConfigurationPlatforms) = preSolution
		Debug|Any CPU = Debug|Any CPU
		Release|Any CPU = Release|Any CPU
	EndGlobalSection
	GlobalSection(ProjectConfigurationPlatforms) = postSolution
		{2D16ECB1-FE94-4C28-A70D-92FCC10A4006}.Debug|Any CPU.ActiveCfg = Debug|Any CPU
		{2D16ECB1-FE94-4C28-A70D-92FCC10A4006}.Debug|Any CPU.Build.0 = Debug|Any CPU
		{2D16ECB1-FE94-4C28-A70D-92FCC10A4006}.Release|Any CPU.ActiveCfg = Release|Any CPU
		{2D16ECB1-FE94-4C28-A70D-92FCC10A4006}.Release|Any CPU.Build.0 = Release|Any CPU
		{F9402531-3CC1-4B09-A97F-CFEFD5BDFE3E}.Debug|Any CPU.ActiveCfg = Debug|Any CPU
		{F9402531-3CC1-4B09-A97F-CFEFD5BDFE3E}.Debug|Any CPU.Build.0 = Debug|Any CPU
		{F9402531-3CC1-4B09-A97F-CFEFD5BDFE3E}.Release|Any CPU.ActiveCfg = Release|Any CPU
		{F9402531-3CC1-4B09-A97F-CFEFD5BDFE3E}.Release|Any CPU.Build.0 = Release|Any CPU
		{24108579-89DC-4CAF-A688-3179C78DD28B}.Debug|Any CPU.ActiveCfg = Debug|Any CPU
		{24108579-89DC-4CAF-A688-3179C78DD28B}.Debug|Any CPU.Build.0 = Debug|Any CPU
		{24108579-89DC-4CAF-A688-3179C78DD28B}.Release|Any CPU.ActiveCfg = Release|Any CPU
		{24108579-89DC-4CAF-A688-3179C78DD28B}.Release|Any CPU.Build.0 = Release|Any CPU
		{19CC5ACF-B1A3-48EE-A900-52848D885A01}.Debug|Any CPU.ActiveCfg = Debug|Any CPU
		{19CC5ACF-B1A3-48EE-A900-52848D885A01}.Debug|Any CPU.Build.0 = Debug|Any CPU
		{19CC5ACF-B1A3-48EE-A900-52848D885A01}.Release|Any CPU.ActiveCfg = Release|Any CPU
		{19CC5ACF-B1A3-48EE-A900-52848D885A01}.Release|Any CPU.Build.0 = Release|Any CPU
		{13A62458-70F1-4E77-86C9-5129D871F99D}.Debug|Any CPU.ActiveCfg = Debug|Any CPU
		{13A62458-70F1-4E77-86C9-5129D871F99D}.Debug|Any CPU.Build.0 = Debug|Any CPU
		{13A62458-70F1-4E77-86C9-5129D871F99D}.Release|Any CPU.ActiveCfg = Release|Any CPU
		{13A62458-70F1-4E77-86C9-5129D871F99D}.Release|Any CPU.Build.0 = Release|Any CPU
		{B2FE39C3-0179-486B-B947-BDA143C27493}.Debug|Any CPU.ActiveCfg = Debug|Any CPU
		{B2FE39C3-0179-486B-B947-BDA143C27493}.Debug|Any CPU.Build.0 = Debug|Any CPU
		{B2FE39C3-0179-486B-B947-BDA143C27493}.Release|Any CPU.ActiveCfg = Release|Any CPU
		{B2FE39C3-0179-486B-B947-BDA143C27493}.Release|Any CPU.Build.0 = Release|Any CPU
	EndGlobalSection
	GlobalSection(NestedProjects) = preSolution
		{2D16ECB1-FE94-4C28-A70D-92FCC10A4006} = {E66CE53C-4E54-4FD1-9F83-69831D9A3653}
		{F9402531-3CC1-4B09-A97F-CFEFD5BDFE3E} = {E66CE53C-4E54-4FD1-9F83-69831D9A3653}
		{24108579-89DC-4CAF-A688-3179C78DD28B} = {E66CE53C-4E54-4FD1-9F83-69831D9A3653}
		{19CC5ACF-B1A3-48EE-A900-52848D885A01} = {E66CE53C-4E54-4FD1-9F83-69831D9A3653}
		{13A62458-70F1-4E77-86C9-5129D871F99D} = {E66CE53C-4E54-4FD1-9F83-69831D9A3653}
		{B2FE39C3-0179-486B-B947-BDA143C27493} = {E66CE53C-4E54-4FD1-9F83-69831D9A3653}
	EndGlobalSection
EndGlobal
